
Microsoft Visual Studio Solution File, Format Version 12.00
# Visual Studio Version 17
VisualStudioVersion = 17.5.002.0
MinimumVisualStudioVersion = 10.0.40219.1
Project("{9A19103F-16F7-4668-BE54-9A1E7A4F7556}") = "project_mvp", "project_mvp.csproj", "{E7900087-D055-4B5C-AC67-AF3367DC7A8C}"
EndProject
Global
	GlobalSection(SolutionConfigurationPlatforms) = preSolution
		Debug|Any CPU = Debug|Any CPU
		Release|Any CPU = Release|Any CPU
	EndGlobalSection
	GlobalSection(ProjectConfigurationPlatforms) = postSolution
		{E7900087-D055-4B5C-AC67-AF3367DC7A8C}.Debug|Any CPU.ActiveCfg = Debug|Any CPU
		{E7900087-D055-4B5C-AC67-AF3367DC7A8C}.Debug|Any CPU.Build.0 = Debug|Any CPU
		{E7900087-D055-4B5C-AC67-AF3367DC7A8C}.Release|Any CPU.ActiveCfg = Release|Any CPU
		{E7900087-D055-4B5C-AC67-AF3367DC7A8C}.Release|Any CPU.Build.0 = Release|Any CPU
	EndGlobalSection
	GlobalSection(SolutionProperties) = preSolution
		HideSolutionNode = FALSE
	EndGlobalSection
	GlobalSection(ExtensibilityGlobals) = postSolution
		SolutionGuid = {DB504548-E5C2-4968-B66F-6561AEB187E7}
	EndGlobalSection
EndGlobal
